{
  "version": 4,
  "terraform_version": "1.1.6",
  "serial": 1,
  "lineage": "bced946b-2a3a-19bb-6155-ef670152dfa8",
  "outputs": {},
  "resources": [
    {
      "mode": "managed",
      "type": "aws_ecr_repository",
      "name": "foo",
      "provider": "provider[\"registry.terraform.io/hashicorp/aws\"]",
      "instances": [
        {
          "schema_version": 0,
          "attributes": {
            "arn": "arn:aws:ecr:ca-central-1:222604458319:repository/aws-deployment-stuff",
            "encryption_configuration": [
              {
                "encryption_type": "AES256",
                "kms_key": ""
              }
            ],
            "id": "aws-deployment-stuff",
            "image_scanning_configuration": [
              {
                "scan_on_push": true
              }
            ],
            "image_tag_mutability": "MUTABLE",
            "name": "aws-deployment-stuff",
            "registry_id": "222604458319",
            "repository_url": "222604458319.dkr.ecr.ca-central-1.amazonaws.com/aws-deployment-stuff",
            "tags": null,
            "tags_all": {},
            "timeouts": null
          },
          "sensitive_attributes": [],
          "private": "eyJlMmJmYjczMC1lY2FhLTExZTYtOGY4OC0zNDM2M2JjN2M0YzAiOnsiZGVsZXRlIjoxMjAwMDAwMDAwMDAwfX0="
        }
      ]
    }
  ]
}
